{
  "dependencies": {
    "bunyan": {
      "version": "1.4.0",
      "dependencies": {
        "dtrace-provider": {
          "version": "0.5.0",
          "dependencies": {
            "nan": {
              "version": "1.8.4"
            }
          }
        },
        "mv": {
          "version": "2.0.3",
          "dependencies": {
            "mkdirp": {
              "version": "0.5.1",
              "dependencies": {
                "minimist": {
                  "version": "0.0.8"
                }
              }
            },
            "ncp": {
              "version": "0.6.0"
            },
            "rimraf": {
              "version": "2.2.8"
            }
          }
        },
        "safe-json-stringify": {
          "version": "1.0.3"
        }
      }
    },
    "bunyan-pretty": {
      "version": "0.0.1",
      "dependencies": {
        "through": {
          "version": "2.3.6"
        }
      }
    },
    "bunyan-prettystream": {
      "version": "0.1.3"
    }
  }
}
